<?xml version="1.0" encoding="utf-8"?>
<Project ToolsVersion="4.0" xmlns="http://schemas.microsoft.com/developer/msbuild/2003">
  <ItemGroup>
    <Filter Include="Source Files">
      <UniqueIdentifier>{4FC737F1-C7A5-4376-A066-2A32D752A2FF}</UniqueIdentifier>
      <Extensions>cpp;c;cc;cxx;def;odl;idl;hpj;bat;asm;asmx</Extensions>
    </Filter>
    <Filter Include="Header Files">
      <UniqueIdentifier>{93995380-89BD-4b04-88EB-625FBE52EBFB}</UniqueIdentifier>
      <Extensions>h;hh;hpp;hxx;hm;inl;inc;ipp;xsd</Extensions>
    </Filter>
    <Filter Include="Resource Files">
      <UniqueIdentifier>{67DA6AB6-F800-4c08-8B7A-83BB121AAD01}</UniqueIdentifier>
      <Extensions>rc;ico;cur;bmp;dlg;rc2;rct;bin;rgs;gif;jpg;jpeg;jpe;resx;tiff;tif;png;wav;mfcribbon-ms</Extensions>
    </Filter>
  </ItemGroup>
  <ItemGroup>
    <ClCompile Include="main.cpp">
      <Filter>Header Files</Filter>
    </ClCompile>
    <ClCompile Include="Header.cpp">
      <Filter>Header Files</Filter>
    </ClCompile>
    <ClCompile Include="player.cpp">
      <Filter>Header Files</Filter>
    </ClCompile>
  </ItemGroup>
  <ItemGroup>
    <ClInclude Include="menu.h">
      <Filter>Header Files</Filter>
    </ClInclude>
    <ClInclude Include="player.h">
      <Filter>Header Files</Filter>
    </ClInclude>
  </ItemGroup>
  <ItemGroup>
    <Text Include="Highboards.txt">
      <Filter>Header Files</Filter>
    </Text>
  </ItemGroup>
  <ItemGroup>
    <None Include="README.md">
      <Filter>Header Files</Filter>
    </None>
  </ItemGroup>
  <ItemGroup>
    <Media Include="audio\crash.wav">
      <Filter>Header Files</Filter>
    </Media>
    <Media Include="audio\poink.wav">
      <Filter>Header Files</Filter>
    </Media>
    <Media Include="audio\spring.wav">
      <Filter>Header Files</Filter>
    </Media>
    <Media Include="audio\trampoline.wav">
      <Filter>Header Files</Filter>
    </Media>
  </ItemGroup>
  <ItemGroup>
    <Font Include="fonts\Caviar_Dreams_Bold.ttf">
      <Filter>Header Files</Filter>
    </Font>
    <Font Include="fonts\CaviarDreams.ttf">
      <Filter>Header Files</Filter>
    </Font>
    <Font Include="fonts\CaviarDreams_BoldItalic.ttf">
      <Filter>Header Files</Filter>
    </Font>
    <Font Include="fonts\CaviarDreams_Italic.ttf">
      <Filter>Header Files</Filter>
    </Font>
  </ItemGroup>
  <ItemGroup>
    <Image Include="images\background.png">
      <Filter>Header Files</Filter>
    </Image>
    <Image Include="images\badplatform.png">
      <Filter>Header Files</Filter>
    </Image>
    <Image Include="images\doublecherry.png">
      <Filter>Header Files</Filter>
    </Image>
    <Image Include="images\GreenButton.png">
      <Filter>Header Files</Filter>
    </Image>
    <Image Include="images\platform.png">
      <Filter>Header Files</Filter>
    </Image>
    <Image Include="images\RedButton.png">
      <Filter>Header Files</Filter>
    </Image>
    <Image Include="images\spring.png">
      <Filter>Header Files</Filter>
    </Image>
    <Image Include="images\trampoline.png">
      <Filter>Header Files</Filter>
    </Image>
  </ItemGroup>
</Project>